
Microsoft Visual Studio Solution File, Format Version 12.00
# Visual Studio Version 17
VisualStudioVersion = 17.6.33417.168
MinimumVisualStudioVersion = 10.0.40219.1
Project("{9A19103F-16F7-4668-BE54-9A1E7A4F7556}") = "BlazorSample", "BlazorSample.csproj", "{758277A0-A32B-42CD-AEDB-36028A8700A9}"
EndProject
Global
	GlobalSection(SolutionConfigurationPlatforms) = preSolution
		Debug|Any CPU = Debug|Any CPU
		Release|Any CPU = Release|Any CPU
	EndGlobalSection
	GlobalSection(ProjectConfigurationPlatforms) = postSolution
		{758277A0-A32B-42CD-AEDB-36028A8700A9}.Debug|Any CPU.ActiveCfg = Debug|Any CPU
		{758277A0-A32B-42CD-AEDB-36028A8700A9}.Debug|Any CPU.Build.0 = Debug|Any CPU
		{758277A0-A32B-42CD-AEDB-36028A8700A9}.Release|Any CPU.ActiveCfg = Release|Any CPU
		{758277A0-A32B-42CD-AEDB-36028A8700A9}.Release|Any CPU.Build.0 = Release|Any CPU
	EndGlobalSection
	GlobalSection(SolutionProperties) = preSolution
		HideSolutionNode = FALSE
	EndGlobalSection
	GlobalSection(ExtensibilityGlobals) = postSolution
		SolutionGuid = {BCE4B3EC-17FF-43F6-B37D-900A7A883DB7}
	EndGlobalSection
EndGlobal
